{
  "name": "@padcom/create-ts-app",
  "version": "0.2.5",
  "lockfileVersion": 2,
  "requires": true,
  "packages": {
    "": {
      "name": "@padcom/create-ts-app",
      "version": "0.2.5",
      "license": "Apache-2.0",
      "bin": {
        "create-ts-app": "generator.js"
      }
    }
  }
}
